
Microsoft Visual Studio Solution File, Format Version 12.00
# Visual Studio 15
VisualStudioVersion = 15.0.28307.421
MinimumVisualStudioVersion = 10.0.40219.1
Project("{FAE04EC0-301F-11D3-BF4B-00C04F79EFBC}") = "SubwayForms", "SubwayForms\SubwayForms.csproj", "{5022F8B6-D4D5-4984-9A04-A1DC261AAD5D}"
EndProject
Global
	GlobalSection(SolutionConfigurationPlatforms) = preSolution
		Debug|Any CPU = Debug|Any CPU
		Release|Any CPU = Release|Any CPU
	EndGlobalSection
	GlobalSection(ProjectConfigurationPlatforms) = postSolution
		{5022F8B6-D4D5-4984-9A04-A1DC261AAD5D}.Debug|Any CPU.ActiveCfg = Debug|Any CPU
		{5022F8B6-D4D5-4984-9A04-A1DC261AAD5D}.Debug|Any CPU.Build.0 = Debug|Any CPU
		{5022F8B6-D4D5-4984-9A04-A1DC261AAD5D}.Release|Any CPU.ActiveCfg = Release|Any CPU
		{5022F8B6-D4D5-4984-9A04-A1DC261AAD5D}.Release|Any CPU.Build.0 = Release|Any CPU
	EndGlobalSection
	GlobalSection(SolutionProperties) = preSolution
		HideSolutionNode = FALSE
	EndGlobalSection
	GlobalSection(ExtensibilityGlobals) = postSolution
		SolutionGuid = {9F87FCB9-7DE3-44BF-AB44-8A9B82D3E492}
	EndGlobalSection
EndGlobal
